// !$*UTF8*$!
{
	archiveVersion = 1;
	classes = {
	};
	objectVersion = 50;
	objects = {

/* Begin PBXBuildFile section */
		046D44C92505FC12000EC519 /* AppDelegate.swift in Sources */ = {isa = PBXBuildFile; fileRef = 046D44C82505FC12000EC519 /* AppDelegate.swift */; };
		046D44CB2505FC12000EC519 /* SceneDelegate.swift in Sources */ = {isa = PBXBuildFile; fileRef = 046D44CA2505FC12000EC519 /* SceneDelegate.swift */; };
		046D44CD2505FC12000EC519 /* ViewController.swift in Sources */ = {isa = PBXBuildFile; fileRef = 046D44CC2505FC12000EC519 /* ViewController.swift */; };
		046D44D02505FC12000EC519 /* Main.storyboard in Resources */ = {isa = PBXBuildFile; fileRef = 046D44CE2505FC12000EC519 /* Main.storyboard */; };
		046D44D22505FC1B000EC519 /* Assets.xcassets in Resources */ = {isa = PBXBuildFile; fileRef = 046D44D12505FC1B000EC519 /* Assets.xcassets */; };
		046D44D52505FC1B000EC519 /* LaunchScreen.storyboard in Resources */ = {isa = PBXBuildFile; fileRef = 046D44D32505FC1B000EC519 /* LaunchScreen.storyboard */; };
/* End PBXBuildFile section */

/* Begin PBXFileReference section */
		046D44C52505FC12000EC519 /* TextFieldWithIcon.app */ = {isa = PBXFileReference; explicitFileType = wrapper.application; includeInIndex = 0; path = TextFieldWithIcon.app; sourceTree = BUILT_PRODUCTS_DIR; };
		046D44C82505FC12000EC519 /* AppDelegate.swift */ = {isa = PBXFileReference; lastKnownFileType = sourcecode.swift; path = AppDelegate.swift; sourceTree = "<group>"; };
		046D44CA2505FC12000EC519 /* SceneDelegate.swift */ = {isa = PBXFileReference; lastKnownFileType = sourcecode.swift; path = SceneDelegate.swift; sourceTree = "<group>"; };
		046D44CC2505FC12000EC519 /* ViewController.swift */ = {isa = PBXFileReference; lastKnownFileType = sourcecode.swift; path = ViewController.swift; sourceTree = "<group>"; };
		046D44CF2505FC12000EC519 /* Base */ = {isa = PBXFileReference; lastKnownFileType = file.storyboard; name = Base; path = Base.lproj/Main.storyboard; sourceTree = "<group>"; };
		046D44D12505FC1B000EC519 /* Assets.xcassets */ = {isa = PBXFileReference; lastKnownFileType = folder.assetcatalog; path = Assets.xcassets; sourceTree = "<group>"; };
		046D44D42505FC1B000EC519 /* Base */ = {isa = PBXFileReference; lastKnownFileType = file.storyboard; name = Base; path = Base.lproj/LaunchScreen.storyboard; sourceTree = "<group>"; };
		046D44D62505FC1B000EC519 /* Info.plist */ = {isa = PBXFileReference; lastKnownFileType = text.plist.xml; path = Info.plist; sourceTree = "<group>"; };
/* End PBXFileReference section */

/* Begin PBXFrameworksBuildPhase section */
		046D44C22505FC12000EC519 /* Frameworks */ = {
			isa = PBXFrameworksBuildPhase;
			buildActionMask = 2147483647;
			files = (
			);
			runOnlyForDeploymentPostprocessing = 0;
		};
/* End PBXFrameworksBuildPhase section */

/* Begin PBXGroup section */
		046D44BC2505FC12000EC519 = {
			isa = PBXGroup;
			children = (
				046D44C72505FC12000EC519 /* TextFieldWithIcon */,
				046D44C62505FC12000EC519 /* Products */,
			);
			sourceTree = "<group>";
		};
		046D44C62505FC12000EC519 /* Products */ = {
			isa = PBXGroup;
			children = (
				046D44C52505FC12000EC519 /* TextFieldWithIcon.app */,
			);
			name = Products;
			sourceTree = "<group>";
		};
		046D44C72505FC12000EC519 /* TextFieldWithIcon */ = {
			isa = PBXGroup;
			children = (
				046D44C82505FC12000EC519 /* AppDelegate.swift */,
				046D44CA2505FC12000EC519 /* SceneDelegate.swift */,
				046D44CC2505FC12000EC519 /* ViewController.swift */,
				046D44CE2505FC12000EC519 /* Main.storyboard */,
				046D44D12505FC1B000EC519 /* Assets.xcassets */,
				046D44D32505FC1B000EC519 /* LaunchScreen.storyboard */,
				046D44D62505FC1B000EC519 /* Info.plist */,
			);
			path = TextFieldWithIcon;
			sourceTree = "<group>";
		};
/* End PBXGroup section */

/* Begin PBXNativeTarget section */
		046D44C42505FC12000EC519 /* TextFieldWithIcon */ = {
			isa = PBXNativeTarget;
			buildConfigurationList = 046D44D92505FC1B000EC519 /* Build configuration list for PBXNativeTarget "TextFieldWithIcon" */;
			buildPhases = (
				046D44C12505FC12000EC519 /* Sources */,
				046D44C22505FC12000EC519 /* Frameworks */,
				046D44C32505FC12000EC519 /* Resources */,
			);
			buildRules = (
			);
			dependencies = (
			);
			name = TextFieldWithIcon;
			productName = TextFieldWithIcon;
			productReference = 046D44C52505FC12000EC519 /* TextFieldWithIcon.app */;
			productType = "com.apple.product-type.application";
		};
/* End PBXNativeTarget section */

/* Begin PBXProject section */
		046D44BD2505FC12000EC519 /* Project object */ = {
			isa = PBXProject;
			attributes = {
				LastSwiftUpdateCheck = 1160;
				LastUpgradeCheck = 1160;
				ORGANIZATIONNAME = "Abdu macOS 15";
				TargetAttributes = {
					046D44C42505FC12000EC519 = {
						CreatedOnToolsVersion = 11.6;
					};
				};
			};
			buildConfigurationList = 046D44C02505FC12000EC519 /* Build configuration list for PBXProject "TextFieldWithIcon" */;
			compatibilityVersion = "Xcode 9.3";
			developmentRegion = en;
			hasScannedForEncodings = 0;
			knownRegions = (
				en,
				Base,
			);
			mainGroup = 046D44BC2505FC12000EC519;
			productRefGroup = 046D44C62505FC12000EC519 /* Products */;
			projectDirPath = "";
			projectRoot = "";
			targets = (
				046D44C42505FC12000EC519 /* TextFieldWithIcon */,
			);
		};
/* End PBXProject section */

/* Begin PBXResourcesBuildPhase section */
		046D44C32505FC12000EC519 /* Resources */ = {
			isa = PBXResourcesBuildPhase;
			buildActionMask = 2147483647;
			files = (
				046D44D52505FC1B000EC519 /* LaunchScreen.storyboard in Resources */,
				046D44D22505FC1B000EC519 /* Assets.xcassets in Resources */,
				046D44D02505FC12000EC519 /* Main.storyboard in Resources */,
			);
			runOnlyForDeploymentPostprocessing = 0;
		};
/* End PBXResourcesBuildPhase section */

/* Begin PBXSourcesBuildPhase section */
		046D44C12505FC12000EC519 /* Sources */ = {
			isa = PBXSourcesBuildPhase;
			buildActionMask = 2147483647;
			files = (
				046D44CD2505FC12000EC519 /* ViewController.swift in Sources */,
				046D44C92505FC12000EC519 /* AppDelegate.swift in Sources */,
				046D44CB2505FC12000EC519 /* SceneDelegate.swift in Sources */,
			);
			runOnlyForDeploymentPostprocessing = 0;
		};
/* End PBXSourcesBuildPhase section */

/* Begin PBXVariantGroup section */
		046D44CE2505FC12000EC519 /* Main.storyboard */ = {
			isa = PBXVariantGroup;
			children = (
				046D44CF2505FC12000EC519 /* Base */,
			);
			name = Main.storyboard;
			sourceTree = "<group>";
		};
		046D44D32505FC1B000EC519 /* LaunchScreen.storyboard */ = {
			isa = PBXVariantGroup;
			children = (
				046D44D42505FC1B000EC519 /* Base */,
			);
			name = LaunchScreen.storyboard;
			sourceTree = "<group>";
		};
/* End PBXVariantGroup section */

/* Begin XCBuildConfiguration section */
		046D44D72505FC1B000EC519 /* Debug */ = {
			isa = XCBuildConfiguration;
			buildSettings = {
				ALWAYS_SEARCH_USER_PATHS = NO;
				CLANG_ANALYZER_NONNULL = YES;
				CLANG_ANALYZER_NUMBER_OBJECT_CONVERSION = YES_AGGRESSIVE;
				CLANG_CXX_LANGUAGE_STANDARD = "gnu++14";
				CLANG_CXX_LIBRARY = "libc++";
				CLANG_ENABLE_MODULES = YES;
				CLANG_ENABLE_OBJC_ARC = YES;
				CLANG_ENABLE_OBJC_WEAK = YES;
				CLANG_WARN_BLOCK_CAPTURE_AUTORELEASING = YES;
				CLANG_WARN_BOOL_CONVERSION = YES;
				CLANG_WARN_COMMA = YES;
				CLANG_WARN_CONSTANT_CONVERSION = YES;
				CLANG_WARN_DEPRECATED_OBJC_IMPLEMENTATIONS = YES;
				CLANG_WARN_DIRECT_OBJC_ISA_USAGE = YES_ERROR;
				CLANG_WARN_DOCUMENTATION_COMMENTS = YES;
				CLANG_WARN_EMPTY_BODY = YES;
				CLANG_WARN_ENUM_CONVERSION = YES;
				CLANG_WARN_INFINITE_RECURSION = YES;
				CLANG_WARN_INT_CONVERSION = YES;
				CLANG_WARN_NON_LITERAL_NULL_CONVERSION = YES;
				CLANG_WARN_OBJC_IMPLICIT_RETAIN_SELF = YES;
				CLANG_WARN_OBJC_LITERAL_CONVERSION = YES;
				CLANG_WARN_OBJC_ROOT_CLASS = YES_ERROR;
				CLANG_WARN_RANGE_LOOP_ANALYSIS = YES;
				CLANG_WARN_STRICT_PROTOTYPES = YES;
				CLANG_WARN_SUSPICIOUS_MOVE = YES;
				CLANG_WARN_UNGUARDED_AVAILABILITY = YES_AGGRESSIVE;
				CLANG_WARN_UNREACHABLE_CODE = YES;
				CLANG_WARN__DUPLICATE_METHOD_MATCH = YES;
				COPY_PHASE_STRIP = NO;
				DEBUG_INFORMATION_FORMAT = dwarf;
				ENABLE_STRICT_OBJC_MSGSEND = YES;
				ENABLE_TESTABILITY = YES;
				GCC_C_LANGUAGE_STANDARD = gnu11;
				GCC_DYNAMIC_NO_PIC = NO;
				GCC_NO_COMMON_BLOCKS = YES;
				GCC_OPTIMIZATION_LEVEL = 0;
				GCC_PREPROCESSOR_DEFINITIONS = (
					"DEBUG=1",
					"$(inherited)",
				);
				GCC_WARN_64_TO_32_BIT_CONVERSION = YES;
				GCC_WARN_ABOUT_RETURN_TYPE = YES_ERROR;
				GCC_WARN_UNDECLARED_SELECTOR = YES;
				GCC_WARN_UNINITIALIZED_AUTOS = YES_AGGRESSIVE;
				GCC_WARN_UNUSED_FUNCTION = YES;
				GCC_WARN_UNUSED_VARIABLE = YES;
				IPHONEOS_DEPLOYMENT_TARGET = 13.6;
				MTL_ENABLE_DEBUG_INFO = INCLUDE_SOURCE;
				MTL_FAST_MATH = YES;
				ONLY_ACTIVE_ARCH = YES;
				SDKROOT = iphoneos;
				SWIFT_ACTIVE_COMPILATION_CONDITIONS = DEBUG;
				SWIFT_OPTIMIZATION_LEVEL = "-Onone";
			};
			name = Debug;
		};
		046D44D82505FC1B000EC519 /* Release */ = {
			isa = XCBuildConfiguration;
			buildSettings = {
				ALWAYS_SEARCH_USER_PATHS = NO;
				CLANG_ANALYZER_NONNULL = YES;
				CLANG_ANALYZER_NUMBER_OBJECT_CONVERSION = YES_AGGRESSIVE;
				CLANG_CXX_LANGUAGE_STANDARD = "gnu++14";
				CLANG_CXX_LIBRARY = "libc++";
				CLANG_ENABLE_MODULES = YES;
				CLANG_ENABLE_OBJC_ARC = YES;
				CLANG_ENABLE_OBJC_WEAK = YES;
				CLANG_WARN_BLOCK_CAPTURE_AUTORELEASING = YES;
				CLANG_WARN_BOOL_CONVERSION = YES;
				CLANG_WARN_COMMA = YES;
				CLANG_WARN_CONSTANT_CONVERSION = YES;
				CLANG_WARN_DEPRECATED_OBJC_IMPLEMENTATIONS = YES;
				CLANG_WARN_DIRECT_OBJC_ISA_USAGE = YES_ERROR;
				CLANG_WARN_DOCUMENTATION_COMMENTS = YES;
				CLANG_WARN_EMPTY_BODY = YES;
				CLANG_WARN_ENUM_CONVERSION = YES;
				CLANG_WARN_INFINITE_RECURSION = YES;
				CLANG_WARN_INT_CONVERSION = YES;
				CLANG_WARN_NON_LITERAL_NULL_CONVERSION = YES;
				CLANG_WARN_OBJC_IMPLICIT_RETAIN_SELF = YES;
				CLANG_WARN_OBJC_LITERAL_CONVERSION = YES;
				CLANG_WARN_OBJC_ROOT_CLASS = YES_ERROR;
				CLANG_WARN_RANGE_LOOP_ANALYSIS = YES;
				CLANG_WARN_STRICT_PROTOTYPES = YES;
				CLANG_WARN_SUSPICIOUS_MOVE = YES;
				CLANG_WARN_UNGUARDED_AVAILABILITY = YES_AGGRESSIVE;
				CLANG_WARN_UNREACHABLE_CODE = YES;
				CLANG_WARN__DUPLICATE_METHOD_MATCH = YES;
				COPY_PHASE_STRIP = NO;
				DEBUG_INFORMATION_FORMAT = "dwarf-with-dsym";
				ENABLE_NS_ASSERTIONS = NO;
				ENABLE_STRICT_OBJC_MSGSEND = YES;
				GCC_C_LANGUAGE_STANDARD = gnu11;
				GCC_NO_COMMON_BLOCKS = YES;
				GCC_WARN_64_TO_32_BIT_CONVERSION = YES;
				GCC_WARN_ABOUT_RETURN_TYPE = YES_ERROR;
				GCC_WARN_UNDECLARED_SELECTOR = YES;
				GCC_WARN_UNINITIALIZED_AUTOS = YES_AGGRESSIVE;
				GCC_WARN_UNUSED_FUNCTION = YES;
				GCC_WARN_UNUSED_VARIABLE = YES;
				IPHONEOS_DEPLOYMENT_TARGET = 13.6;
				MTL_ENABLE_DEBUG_INFO = NO;
				MTL_FAST_MATH = YES;
				SDKROOT = iphoneos;
				SWIFT_COMPILATION_MODE = wholemodule;
				SWIFT_OPTIMIZATION_LEVEL = "-O";
				VALIDATE_PRODUCT = YES;
			};
			name = Release;
		};
		046D44DA2505FC1B000EC519 /* Debug */ = {
			isa = XCBuildConfiguration;
			buildSettings = {
				ASSETCATALOG_COMPILER_APPICON_NAME = AppIcon;
				CODE_SIGN_STYLE = Automatic;
				DEVELOPMENT_TEAM = ESXLTPRW7V;
				INFOPLIST_FILE = TextFieldWithIcon/Info.plist;
				LD_RUNPATH_SEARCH_PATHS = (
					"$(inherited)",
					"@executable_path/Frameworks",
				);
				PRODUCT_BUNDLE_IDENTIFIER = com.abdu.TextFieldWithIcon;
				PRODUCT_NAME = "$(TARGET_NAME)";
				SWIFT_VERSION = 5.0;
				TARGETED_DEVICE_FAMILY = "1,2";
			};
			name = Debug;
		};
		046D44DB2505FC1B000EC519 /* Release */ = {
			isa = XCBuildConfiguration;
			buildSettings = {
				ASSETCATALOG_COMPILER_APPICON_NAME = AppIcon;
				CODE_SIGN_STYLE = Automatic;
				DEVELOPMENT_TEAM = ESXLTPRW7V;
				INFOPLIST_FILE = TextFieldWithIcon/Info.plist;
				LD_RUNPATH_SEARCH_PATHS = (
					"$(inherited)",
					"@executable_path/Frameworks",
				);
				PRODUCT_BUNDLE_IDENTIFIER = com.abdu.TextFieldWithIcon;
				PRODUCT_NAME = "$(TARGET_NAME)";
				SWIFT_VERSION = 5.0;
				TARGETED_DEVICE_FAMILY = "1,2";
			};
			name = Release;
		};
/* End XCBuildConfiguration section */

/* Begin XCConfigurationList section */
		046D44C02505FC12000EC519 /* Build configuration list for PBXProject "TextFieldWithIcon" */ = {
			isa = XCConfigurationList;
			buildConfigurations = (
				046D44D72505FC1B000EC519 /* Debug */,
				046D44D82505FC1B000EC519 /* Release */,
			);
			defaultConfigurationIsVisible = 0;
			defaultConfigurationName = Release;
		};
		046D44D92505FC1B000EC519 /* Build configuration list for PBXNativeTarget "TextFieldWithIcon" */ = {
			isa = XCConfigurationList;
			buildConfigurations = (
				046D44DA2505FC1B000EC519 /* Debug */,
				046D44DB2505FC1B000EC519 /* Release */,
			);
			defaultConfigurationIsVisible = 0;
			defaultConfigurationName = Release;
		};
/* End XCConfigurationList section */
	};
	rootObject = 046D44BD2505FC12000EC519 /* Project object */;
}
